################################################################################
# This requirements file has been automatically generated from `Pipfile` with
# `pipenv-to-requirements`
#
#
# This has been done to maintain backward compatibility with tools and services
# that do not support `Pipfile` yet.
#
# Do NOT edit it directly, use `pipenv install [-d]` to modify `Pipfile` and
# `Pipfile.lock` and then regenerate `requirements*.txt`.
################################################################################


certifi==2020.6.20
chardet==3.0.4
fastjsonschema==2.14.4
future==0.18.2
idna==2.10
requests-toolbelt==0.9.1
requests==2.24.0
urllib3==1.25.9
alabaster==0.7.12
appnope==0.1.0 ; sys_platform == 'darwin'
attrs==19.3.0
babel==2.8.0
backcall==0.2.0
certifi==2020.6.20
chardet==3.0.4
decorator==4.4.2
docutils==0.16
flake8==3.8.3
idna==2.10
imagesize==1.2.0
ipython-genutils==0.2.0
ipython==7.16.1
jedi==0.17.1
jinja2==2.11.2
markupsafe==1.1.1
mccabe==0.6.1
more-itertools==8.4.0
packaging==20.4
parso==0.7.0
pexpect==4.8.0 ; sys_platform != 'win32'
pickleshare==0.7.5
pluggy==0.13.1
prompt-toolkit==3.0.5
ptyprocess==0.6.0
py==1.9.0
pycodestyle==2.6.0
pyflakes==2.2.0
pygments==2.6.1
pyparsing==2.4.7
pytest-rerunfailures==9.0
pytest==5.4.3
pytz==2020.1
readthedocs-sphinx-search
requests==2.24.0
setuptools-scm==3.3.3
six==1.15.0
snowballstemmer==2.0.0
sphinx-rtd-theme==0.5.0
sphinx==3.1.2
sphinxcontrib-applehelp==1.0.2
sphinxcontrib-devhelp==1.0.2
sphinxcontrib-htmlhelp==1.0.3
sphinxcontrib-jsmath==1.0.1
sphinxcontrib-qthelp==1.0.3
sphinxcontrib-serializinghtml==1.1.4
traitlets==4.3.3
urllib3==1.25.9
wcwidth==0.2.5

